// !$*UTF8*$!
{
	archiveVersion = 1;
	classes = {
	};
	objectVersion = 46;
	objects = {

/* Begin PBXBuildFile section */
		070A1C1F220C119500C433D4 /* AudioToolbox.framework in Frameworks */ = {isa = PBXBuildFile; fileRef = 070A1C1E220C119500C433D4 /* AudioToolbox.framework */; };
		0734C06521869BDA00F75226 /* Timer.swift in Sources */ = {isa = PBXBuildFile; fileRef = 0734C06421869BDA00F75226 /* Timer.swift */; };
		07D1305F2202B30A00D887A8 /* beep-04.wav in Resources */ = {isa = PBXBuildFile; fileRef = 07D1305E2202B30A00D887A8 /* beep-04.wav */; };
		07D130612202B31100D887A8 /* beep-07.wav in Resources */ = {isa = PBXBuildFile; fileRef = 07D130602202B31100D887A8 /* beep-07.wav */; };
		07E686331E6A5E8F00B09760 /* AppDelegate.swift in Sources */ = {isa = PBXBuildFile; fileRef = 07E686321E6A5E8F00B09760 /* AppDelegate.swift */; };
		07E686351E6A5E8F00B09760 /* StartController.swift in Sources */ = {isa = PBXBuildFile; fileRef = 07E686341E6A5E8F00B09760 /* StartController.swift */; };
		07E686381E6A5E8F00B09760 /* Main.storyboard in Resources */ = {isa = PBXBuildFile; fileRef = 07E686361E6A5E8F00B09760 /* Main.storyboard */; };
		07E6863B1E6A5E8F00B09760 /* Interval_Trainer.xcdatamodeld in Sources */ = {isa = PBXBuildFile; fileRef = 07E686391E6A5E8F00B09760 /* Interval_Trainer.xcdatamodeld */; };
		07E6863D1E6A5E8F00B09760 /* Assets.xcassets in Resources */ = {isa = PBXBuildFile; fileRef = 07E6863C1E6A5E8F00B09760 /* Assets.xcassets */; };
		07E686401E6A5E8F00B09760 /* LaunchScreen.storyboard in Resources */ = {isa = PBXBuildFile; fileRef = 07E6863E1E6A5E8F00B09760 /* LaunchScreen.storyboard */; };
		07E6864C1E6A662400B09760 /* LASER4.TTF in Resources */ = {isa = PBXBuildFile; fileRef = 07E6864B1E6A662400B09760 /* LASER4.TTF */; };
		07E6864E1E6ADC1700B09760 /* IntervalTimerVC.swift in Sources */ = {isa = PBXBuildFile; fileRef = 07E6864D1E6ADC1700B09760 /* IntervalTimerVC.swift */; };
		07E686501E6ADC3A00B09760 /* CreateIntervalTrainerVC.swift in Sources */ = {isa = PBXBuildFile; fileRef = 07E6864F1E6ADC3A00B09760 /* CreateIntervalTrainerVC.swift */; };
		07E686521E6ADC6300B09760 /* SavedIntervalTrainersVC.swift in Sources */ = {isa = PBXBuildFile; fileRef = 07E686511E6ADC6300B09760 /* SavedIntervalTrainersVC.swift */; };
		07FA145C218557DB0012D190 /* Constants.swift in Sources */ = {isa = PBXBuildFile; fileRef = 07FA145B218557DB0012D190 /* Constants.swift */; };
		07FA145E21855B4B0012D190 /* HistoryVC.swift in Sources */ = {isa = PBXBuildFile; fileRef = 07FA145D21855B4B0012D190 /* HistoryVC.swift */; };
		07FA146121858CDE0012D190 /* GestureExtension.swift in Sources */ = {isa = PBXBuildFile; fileRef = 07FA146021858CDE0012D190 /* GestureExtension.swift */; };
/* End PBXBuildFile section */

/* Begin PBXFileReference section */
		070A1C1C220C119500C433D4 /* Interval Trainer.entitlements */ = {isa = PBXFileReference; lastKnownFileType = text.plist.entitlements; path = "Interval Trainer.entitlements"; sourceTree = "<group>"; };
		070A1C1E220C119500C433D4 /* AudioToolbox.framework */ = {isa = PBXFileReference; lastKnownFileType = wrapper.framework; name = AudioToolbox.framework; path = System/Library/Frameworks/AudioToolbox.framework; sourceTree = SDKROOT; };
		0734C06421869BDA00F75226 /* Timer.swift */ = {isa = PBXFileReference; lastKnownFileType = sourcecode.swift; path = Timer.swift; sourceTree = "<group>"; };
		07D1305E2202B30A00D887A8 /* beep-04.wav */ = {isa = PBXFileReference; lastKnownFileType = audio.wav; path = "beep-04.wav"; sourceTree = "<group>"; };
		07D130602202B31100D887A8 /* beep-07.wav */ = {isa = PBXFileReference; lastKnownFileType = audio.wav; path = "beep-07.wav"; sourceTree = "<group>"; };
		07E6862F1E6A5E8F00B09760 /* Interval Trainer.app */ = {isa = PBXFileReference; explicitFileType = wrapper.application; includeInIndex = 0; path = "Interval Trainer.app"; sourceTree = BUILT_PRODUCTS_DIR; };
		07E686321E6A5E8F00B09760 /* AppDelegate.swift */ = {isa = PBXFileReference; lastKnownFileType = sourcecode.swift; path = AppDelegate.swift; sourceTree = "<group>"; };
		07E686341E6A5E8F00B09760 /* StartController.swift */ = {isa = PBXFileReference; lastKnownFileType = sourcecode.swift; path = StartController.swift; sourceTree = "<group>"; };
		07E686371E6A5E8F00B09760 /* Base */ = {isa = PBXFileReference; lastKnownFileType = file.storyboard; name = Base; path = Base.lproj/Main.storyboard; sourceTree = "<group>"; };
		07E6863A1E6A5E8F00B09760 /* Interval_Trainer.xcdatamodel */ = {isa = PBXFileReference; lastKnownFileType = wrapper.xcdatamodel; path = Interval_Trainer.xcdatamodel; sourceTree = "<group>"; };
		07E6863C1E6A5E8F00B09760 /* Assets.xcassets */ = {isa = PBXFileReference; lastKnownFileType = folder.assetcatalog; path = Assets.xcassets; sourceTree = "<group>"; };
		07E6863F1E6A5E8F00B09760 /* Base */ = {isa = PBXFileReference; lastKnownFileType = file.storyboard; name = Base; path = Base.lproj/LaunchScreen.storyboard; sourceTree = "<group>"; };
		07E686411E6A5E8F00B09760 /* Info.plist */ = {isa = PBXFileReference; lastKnownFileType = text.plist.xml; path = Info.plist; sourceTree = "<group>"; };
		07E6864B1E6A662400B09760 /* LASER4.TTF */ = {isa = PBXFileReference; lastKnownFileType = file; path = LASER4.TTF; sourceTree = "<group>"; };
		07E6864D1E6ADC1700B09760 /* IntervalTimerVC.swift */ = {isa = PBXFileReference; fileEncoding = 4; lastKnownFileType = sourcecode.swift; path = IntervalTimerVC.swift; sourceTree = "<group>"; };
		07E6864F1E6ADC3A00B09760 /* CreateIntervalTrainerVC.swift */ = {isa = PBXFileReference; fileEncoding = 4; lastKnownFileType = sourcecode.swift; path = CreateIntervalTrainerVC.swift; sourceTree = "<group>"; };
		07E686511E6ADC6300B09760 /* SavedIntervalTrainersVC.swift */ = {isa = PBXFileReference; fileEncoding = 4; lastKnownFileType = sourcecode.swift; path = SavedIntervalTrainersVC.swift; sourceTree = "<group>"; };
		07FA145B218557DB0012D190 /* Constants.swift */ = {isa = PBXFileReference; lastKnownFileType = sourcecode.swift; path = Constants.swift; sourceTree = "<group>"; };
		07FA145D21855B4B0012D190 /* HistoryVC.swift */ = {isa = PBXFileReference; lastKnownFileType = sourcecode.swift; path = HistoryVC.swift; sourceTree = "<group>"; };
		07FA146021858CDE0012D190 /* GestureExtension.swift */ = {isa = PBXFileReference; lastKnownFileType = sourcecode.swift; path = GestureExtension.swift; sourceTree = "<group>"; };
/* End PBXFileReference section */

/* Begin PBXFrameworksBuildPhase section */
		07E6862C1E6A5E8E00B09760 /* Frameworks */ = {
			isa = PBXFrameworksBuildPhase;
			buildActionMask = 2147483647;
			files = (
				070A1C1F220C119500C433D4 /* AudioToolbox.framework in Frameworks */,
			);
			runOnlyForDeploymentPostprocessing = 0;
		};
/* End PBXFrameworksBuildPhase section */

/* Begin PBXGroup section */
		070A1C1D220C119500C433D4 /* Frameworks */ = {
			isa = PBXGroup;
			children = (
				070A1C1E220C119500C433D4 /* AudioToolbox.framework */,
			);
			name = Frameworks;
			sourceTree = "<group>";
		};
		0734C06621869DD300F75226 /* Services */ = {
			isa = PBXGroup;
			children = (
			);
			name = Services;
			sourceTree = "<group>";
		};
		07E686261E6A5E8E00B09760 = {
			isa = PBXGroup;
			children = (
				07E686311E6A5E8F00B09760 /* Interval Trainer */,
				07E686301E6A5E8F00B09760 /* Products */,
				070A1C1D220C119500C433D4 /* Frameworks */,
			);
			sourceTree = "<group>";
		};
		07E686301E6A5E8F00B09760 /* Products */ = {
			isa = PBXGroup;
			children = (
				07E6862F1E6A5E8F00B09760 /* Interval Trainer.app */,
			);
			name = Products;
			sourceTree = "<group>";
		};
		07E686311E6A5E8F00B09760 /* Interval Trainer */ = {
			isa = PBXGroup;
			children = (
				070A1C1C220C119500C433D4 /* Interval Trainer.entitlements */,
				0734C06621869DD300F75226 /* Services */,
				07FA145F21858CC00012D190 /* Misc */,
				07E6864A1E6A661200B09760 /* Controllers */,
				07E686491E6A660D00B09760 /* Views */,
				07E686481E6A660600B09760 /* Models */,
				07E686471E6A65FC00B09760 /* Resources */,
				07E686321E6A5E8F00B09760 /* AppDelegate.swift */,
				07E686361E6A5E8F00B09760 /* Main.storyboard */,
				07E6863C1E6A5E8F00B09760 /* Assets.xcassets */,
				07E6863E1E6A5E8F00B09760 /* LaunchScreen.storyboard */,
				07E686411E6A5E8F00B09760 /* Info.plist */,
				07E686391E6A5E8F00B09760 /* Interval_Trainer.xcdatamodeld */,
			);
			path = "Interval Trainer";
			sourceTree = "<group>";
		};
		07E686471E6A65FC00B09760 /* Resources */ = {
			isa = PBXGroup;
			children = (
				07D130602202B31100D887A8 /* beep-07.wav */,
				07D1305E2202B30A00D887A8 /* beep-04.wav */,
				07E6864B1E6A662400B09760 /* LASER4.TTF */,
			);
			name = Resources;
			sourceTree = "<group>";
		};
		07E686481E6A660600B09760 /* Models */ = {
			isa = PBXGroup;
			children = (
				0734C06421869BDA00F75226 /* Timer.swift */,
			);
			name = Models;
			sourceTree = "<group>";
		};
		07E686491E6A660D00B09760 /* Views */ = {
			isa = PBXGroup;
			children = (
			);
			name = Views;
			sourceTree = "<group>";
		};
		07E6864A1E6A661200B09760 /* Controllers */ = {
			isa = PBXGroup;
			children = (
				07E686341E6A5E8F00B09760 /* StartController.swift */,
				07E6864D1E6ADC1700B09760 /* IntervalTimerVC.swift */,
				07E6864F1E6ADC3A00B09760 /* CreateIntervalTrainerVC.swift */,
				07E686511E6ADC6300B09760 /* SavedIntervalTrainersVC.swift */,
				07FA145D21855B4B0012D190 /* HistoryVC.swift */,
			);
			name = Controllers;
			sourceTree = "<group>";
		};
		07FA145F21858CC00012D190 /* Misc */ = {
			isa = PBXGroup;
			children = (
				07FA145B218557DB0012D190 /* Constants.swift */,
				07FA146021858CDE0012D190 /* GestureExtension.swift */,
			);
			name = Misc;
			sourceTree = "<group>";
		};
/* End PBXGroup section */

/* Begin PBXNativeTarget section */
		07E6862E1E6A5E8E00B09760 /* Interval Trainer */ = {
			isa = PBXNativeTarget;
			buildConfigurationList = 07E686441E6A5E8F00B09760 /* Build configuration list for PBXNativeTarget "Interval Trainer" */;
			buildPhases = (
				07E6862B1E6A5E8E00B09760 /* Sources */,
				07E6862C1E6A5E8E00B09760 /* Frameworks */,
				07E6862D1E6A5E8E00B09760 /* Resources */,
			);
			buildRules = (
			);
			dependencies = (
			);
			name = "Interval Trainer";
			productName = "Interval Trainer";
			productReference = 07E6862F1E6A5E8F00B09760 /* Interval Trainer.app */;
			productType = "com.apple.product-type.application";
		};
/* End PBXNativeTarget section */

/* Begin PBXProject section */
		07E686271E6A5E8E00B09760 /* Project object */ = {
			isa = PBXProject;
			attributes = {
				LastSwiftUpdateCheck = 0820;
				LastUpgradeCheck = 1000;
				ORGANIZATIONNAME = "Steven Santiago";
				TargetAttributes = {
					07E6862E1E6A5E8E00B09760 = {
						CreatedOnToolsVersion = 8.2.1;
						DevelopmentTeam = 7J978HLDTM;
						LastSwiftMigration = 1000;
						ProvisioningStyle = Automatic;
						SystemCapabilities = {
							com.apple.BackgroundModes = {
								enabled = 0;
							};
							com.apple.InterAppAudio = {
								enabled = 1;
							};
						};
					};
				};
			};
			buildConfigurationList = 07E6862A1E6A5E8E00B09760 /* Build configuration list for PBXProject "Interval Trainer" */;
			compatibilityVersion = "Xcode 3.2";
			developmentRegion = English;
			hasScannedForEncodings = 0;
			knownRegions = (
				en,
				Base,
			);
			mainGroup = 07E686261E6A5E8E00B09760;
			productRefGroup = 07E686301E6A5E8F00B09760 /* Products */;
			projectDirPath = "";
			projectRoot = "";
			targets = (
				07E6862E1E6A5E8E00B09760 /* Interval Trainer */,
			);
		};
/* End PBXProject section */

/* Begin PBXResourcesBuildPhase section */
		07E6862D1E6A5E8E00B09760 /* Resources */ = {
			isa = PBXResourcesBuildPhase;
			buildActionMask = 2147483647;
			files = (
				07E686401E6A5E8F00B09760 /* LaunchScreen.storyboard in Resources */,
				07D130612202B31100D887A8 /* beep-07.wav in Resources */,
				07E6864C1E6A662400B09760 /* LASER4.TTF in Resources */,
				07D1305F2202B30A00D887A8 /* beep-04.wav in Resources */,
				07E6863D1E6A5E8F00B09760 /* Assets.xcassets in Resources */,
				07E686381E6A5E8F00B09760 /* Main.storyboard in Resources */,
			);
			runOnlyForDeploymentPostprocessing = 0;
		};
/* End PBXResourcesBuildPhase section */

/* Begin PBXSourcesBuildPhase section */
		07E6862B1E6A5E8E00B09760 /* Sources */ = {
			isa = PBXSourcesBuildPhase;
			buildActionMask = 2147483647;
			files = (
				07E6863B1E6A5E8F00B09760 /* Interval_Trainer.xcdatamodeld in Sources */,
				07E686501E6ADC3A00B09760 /* CreateIntervalTrainerVC.swift in Sources */,
				07E6864E1E6ADC1700B09760 /* IntervalTimerVC.swift in Sources */,
				0734C06521869BDA00F75226 /* Timer.swift in Sources */,
				07E686521E6ADC6300B09760 /* SavedIntervalTrainersVC.swift in Sources */,
				07FA145C218557DB0012D190 /* Constants.swift in Sources */,
				07FA145E21855B4B0012D190 /* HistoryVC.swift in Sources */,
				07E686351E6A5E8F00B09760 /* StartController.swift in Sources */,
				07FA146121858CDE0012D190 /* GestureExtension.swift in Sources */,
				07E686331E6A5E8F00B09760 /* AppDelegate.swift in Sources */,
			);
			runOnlyForDeploymentPostprocessing = 0;
		};
/* End PBXSourcesBuildPhase section */

/* Begin PBXVariantGroup section */
		07E686361E6A5E8F00B09760 /* Main.storyboard */ = {
			isa = PBXVariantGroup;
			children = (
				07E686371E6A5E8F00B09760 /* Base */,
			);
			name = Main.storyboard;
			sourceTree = "<group>";
		};
		07E6863E1E6A5E8F00B09760 /* LaunchScreen.storyboard */ = {
			isa = PBXVariantGroup;
			children = (
				07E6863F1E6A5E8F00B09760 /* Base */,
			);
			name = LaunchScreen.storyboard;
			sourceTree = "<group>";
		};
/* End PBXVariantGroup section */

/* Begin XCBuildConfiguration section */
		07E686421E6A5E8F00B09760 /* Debug */ = {
			isa = XCBuildConfiguration;
			buildSettings = {
				ALWAYS_SEARCH_USER_PATHS = NO;
				CLANG_ANALYZER_NONNULL = YES;
				CLANG_CXX_LANGUAGE_STANDARD = "gnu++0x";
				CLANG_CXX_LIBRARY = "libc++";
				CLANG_ENABLE_MODULES = YES;
				CLANG_ENABLE_OBJC_ARC = YES;
				CLANG_WARN_BLOCK_CAPTURE_AUTORELEASING = YES;
				CLANG_WARN_BOOL_CONVERSION = YES;
				CLANG_WARN_COMMA = YES;
				CLANG_WARN_CONSTANT_CONVERSION = YES;
				CLANG_WARN_DEPRECATED_OBJC_IMPLEMENTATIONS = YES;
				CLANG_WARN_DIRECT_OBJC_ISA_USAGE = YES_ERROR;
				CLANG_WARN_DOCUMENTATION_COMMENTS = YES;
				CLANG_WARN_EMPTY_BODY = YES;
				CLANG_WARN_ENUM_CONVERSION = YES;
				CLANG_WARN_INFINITE_RECURSION = YES;
				CLANG_WARN_INT_CONVERSION = YES;
				CLANG_WARN_NON_LITERAL_NULL_CONVERSION = YES;
				CLANG_WARN_OBJC_IMPLICIT_RETAIN_SELF = YES;
				CLANG_WARN_OBJC_LITERAL_CONVERSION = YES;
				CLANG_WARN_OBJC_ROOT_CLASS = YES_ERROR;
				CLANG_WARN_RANGE_LOOP_ANALYSIS = YES;
				CLANG_WARN_STRICT_PROTOTYPES = YES;
				CLANG_WARN_SUSPICIOUS_MOVE = YES;
				CLANG_WARN_UNREACHABLE_CODE = YES;
				CLANG_WARN__DUPLICATE_METHOD_MATCH = YES;
				"CODE_SIGN_IDENTITY[sdk=iphoneos*]" = "iPhone Developer";
				COPY_PHASE_STRIP = NO;
				DEBUG_INFORMATION_FORMAT = dwarf;
				ENABLE_STRICT_OBJC_MSGSEND = YES;
				ENABLE_TESTABILITY = YES;
				GCC_C_LANGUAGE_STANDARD = gnu99;
				GCC_DYNAMIC_NO_PIC = NO;
				GCC_NO_COMMON_BLOCKS = YES;
				GCC_OPTIMIZATION_LEVEL = 0;
				GCC_PREPROCESSOR_DEFINITIONS = (
					"DEBUG=1",
					"$(inherited)",
				);
				GCC_WARN_64_TO_32_BIT_CONVERSION = YES;
				GCC_WARN_ABOUT_RETURN_TYPE = YES_ERROR;
				GCC_WARN_UNDECLARED_SELECTOR = YES;
				GCC_WARN_UNINITIALIZED_AUTOS = YES_AGGRESSIVE;
				GCC_WARN_UNUSED_FUNCTION = YES;
				GCC_WARN_UNUSED_VARIABLE = YES;
				IPHONEOS_DEPLOYMENT_TARGET = 10.2;
				MTL_ENABLE_DEBUG_INFO = YES;
				ONLY_ACTIVE_ARCH = YES;
				SDKROOT = iphoneos;
				SWIFT_ACTIVE_COMPILATION_CONDITIONS = DEBUG;
				SWIFT_OPTIMIZATION_LEVEL = "-Onone";
			};
			name = Debug;
		};
		07E686431E6A5E8F00B09760 /* Release */ = {
			isa = XCBuildConfiguration;
			buildSettings = {
				ALWAYS_SEARCH_USER_PATHS = NO;
				CLANG_ANALYZER_NONNULL = YES;
				CLANG_CXX_LANGUAGE_STANDARD = "gnu++0x";
				CLANG_CXX_LIBRARY = "libc++";
				CLANG_ENABLE_MODULES = YES;
				CLANG_ENABLE_OBJC_ARC = YES;
				CLANG_WARN_BLOCK_CAPTURE_AUTORELEASING = YES;
				CLANG_WARN_BOOL_CONVERSION = YES;
				CLANG_WARN_COMMA = YES;
				CLANG_WARN_CONSTANT_CONVERSION = YES;
				CLANG_WARN_DEPRECATED_OBJC_IMPLEMENTATIONS = YES;
				CLANG_WARN_DIRECT_OBJC_ISA_USAGE = YES_ERROR;
				CLANG_WARN_DOCUMENTATION_COMMENTS = YES;
				CLANG_WARN_EMPTY_BODY = YES;
				CLANG_WARN_ENUM_CONVERSION = YES;
				CLANG_WARN_INFINITE_RECURSION = YES;
				CLANG_WARN_INT_CONVERSION = YES;
				CLANG_WARN_NON_LITERAL_NULL_CONVERSION = YES;
				CLANG_WARN_OBJC_IMPLICIT_RETAIN_SELF = YES;
				CLANG_WARN_OBJC_LITERAL_CONVERSION = YES;
				CLANG_WARN_OBJC_ROOT_CLASS = YES_ERROR;
				CLANG_WARN_RANGE_LOOP_ANALYSIS = YES;
				CLANG_WARN_STRICT_PROTOTYPES = YES;
				CLANG_WARN_SUSPICIOUS_MOVE = YES;
				CLANG_WARN_UNREACHABLE_CODE = YES;
				CLANG_WARN__DUPLICATE_METHOD_MATCH = YES;
				"CODE_SIGN_IDENTITY[sdk=iphoneos*]" = "iPhone Developer";
				COPY_PHASE_STRIP = NO;
				DEBUG_INFORMATION_FORMAT = "dwarf-with-dsym";
				ENABLE_NS_ASSERTIONS = NO;
				ENABLE_STRICT_OBJC_MSGSEND = YES;
				GCC_C_LANGUAGE_STANDARD = gnu99;
				GCC_NO_COMMON_BLOCKS = YES;
				GCC_WARN_64_TO_32_BIT_CONVERSION = YES;
				GCC_WARN_ABOUT_RETURN_TYPE = YES_ERROR;
				GCC_WARN_UNDECLARED_SELECTOR = YES;
				GCC_WARN_UNINITIALIZED_AUTOS = YES_AGGRESSIVE;
				GCC_WARN_UNUSED_FUNCTION = YES;
				GCC_WARN_UNUSED_VARIABLE = YES;
				IPHONEOS_DEPLOYMENT_TARGET = 10.2;
				MTL_ENABLE_DEBUG_INFO = NO;
				SDKROOT = iphoneos;
				SWIFT_OPTIMIZATION_LEVEL = "-Owholemodule";
				VALIDATE_PRODUCT = YES;
			};
			name = Release;
		};
		07E686451E6A5E8F00B09760 /* Debug */ = {
			isa = XCBuildConfiguration;
			buildSettings = {
				ASSETCATALOG_COMPILER_APPICON_NAME = AppIcon;
				CODE_SIGN_ENTITLEMENTS = "Interval Trainer/Interval Trainer.entitlements";
				DEVELOPMENT_TEAM = 7J978HLDTM;
				INFOPLIST_FILE = "Interval Trainer/Info.plist";
				LD_RUNPATH_SEARCH_PATHS = "$(inherited) @executable_path/Frameworks";
				PRODUCT_BUNDLE_IDENTIFIER = "com.stevensantiago.Interval-Trainer";
				PRODUCT_NAME = "$(TARGET_NAME)";
				SWIFT_SWIFT3_OBJC_INFERENCE = On;
				SWIFT_VERSION = 4.2;
				TARGETED_DEVICE_FAMILY = 1;
			};
			name = Debug;
		};
		07E686461E6A5E8F00B09760 /* Release */ = {
			isa = XCBuildConfiguration;
			buildSettings = {
				ASSETCATALOG_COMPILER_APPICON_NAME = AppIcon;
				CODE_SIGN_ENTITLEMENTS = "Interval Trainer/Interval Trainer.entitlements";
				DEVELOPMENT_TEAM = 7J978HLDTM;
				INFOPLIST_FILE = "Interval Trainer/Info.plist";
				LD_RUNPATH_SEARCH_PATHS = "$(inherited) @executable_path/Frameworks";
				PRODUCT_BUNDLE_IDENTIFIER = "com.stevensantiago.Interval-Trainer";
				PRODUCT_NAME = "$(TARGET_NAME)";
				SWIFT_SWIFT3_OBJC_INFERENCE = On;
				SWIFT_VERSION = 4.2;
				TARGETED_DEVICE_FAMILY = 1;
			};
			name = Release;
		};
/* End XCBuildConfiguration section */

/* Begin XCConfigurationList section */
		07E6862A1E6A5E8E00B09760 /* Build configuration list for PBXProject "Interval Trainer" */ = {
			isa = XCConfigurationList;
			buildConfigurations = (
				07E686421E6A5E8F00B09760 /* Debug */,
				07E686431E6A5E8F00B09760 /* Release */,
			);
			defaultConfigurationIsVisible = 0;
			defaultConfigurationName = Release;
		};
		07E686441E6A5E8F00B09760 /* Build configuration list for PBXNativeTarget "Interval Trainer" */ = {
			isa = XCConfigurationList;
			buildConfigurations = (
				07E686451E6A5E8F00B09760 /* Debug */,
				07E686461E6A5E8F00B09760 /* Release */,
			);
			defaultConfigurationIsVisible = 0;
			defaultConfigurationName = Release;
		};
/* End XCConfigurationList section */

/* Begin XCVersionGroup section */
		07E686391E6A5E8F00B09760 /* Interval_Trainer.xcdatamodeld */ = {
			isa = XCVersionGroup;
			children = (
				07E6863A1E6A5E8F00B09760 /* Interval_Trainer.xcdatamodel */,
			);
			currentVersion = 07E6863A1E6A5E8F00B09760 /* Interval_Trainer.xcdatamodel */;
			path = Interval_Trainer.xcdatamodeld;
			sourceTree = "<group>";
			versionGroupType = wrapper.xcdatamodel;
		};
/* End XCVersionGroup section */
	};
	rootObject = 07E686271E6A5E8E00B09760 /* Project object */;
}
